
Microsoft Visual Studio Solution File, Format Version 12.00
# Visual Studio 14
VisualStudioVersion = 14.0.25420.1
MinimumVisualStudioVersion = 10.0.40219.1
Project("{FAE04EC0-301F-11D3-BF4B-00C04F79EFBC}") = "BackEnd", "BackEnd\BackEnd.csproj", "{BEB852FD-6182-45F8-B32E-9DF0D45C3BF7}"
EndProject
Project("{FAE04EC0-301F-11D3-BF4B-00C04F79EFBC}") = "FrontEnd", "FrontEnd\FrontEnd.csproj", "{2F81444B-6F25-494C-A630-EF8B59E291D6}"
EndProject
Project("{FAE04EC0-301F-11D3-BF4B-00C04F79EFBC}") = "BackEndTests", "BackEndTests\BackEndTests.csproj", "{BA666A60-E967-46B4-9669-09BBEA3B3788}"
EndProject
Global
	GlobalSection(SolutionConfigurationPlatforms) = preSolution
		Debug|Any CPU = Debug|Any CPU
		Release|Any CPU = Release|Any CPU
	EndGlobalSection
	GlobalSection(ProjectConfigurationPlatforms) = postSolution
		{BEB852FD-6182-45F8-B32E-9DF0D45C3BF7}.Debug|Any CPU.ActiveCfg = Debug|Any CPU
		{BEB852FD-6182-45F8-B32E-9DF0D45C3BF7}.Debug|Any CPU.Build.0 = Debug|Any CPU
		{BEB852FD-6182-45F8-B32E-9DF0D45C3BF7}.Release|Any CPU.ActiveCfg = Release|Any CPU
		{BEB852FD-6182-45F8-B32E-9DF0D45C3BF7}.Release|Any CPU.Build.0 = Release|Any CPU
		{2F81444B-6F25-494C-A630-EF8B59E291D6}.Debug|Any CPU.ActiveCfg = Debug|Any CPU
		{2F81444B-6F25-494C-A630-EF8B59E291D6}.Debug|Any CPU.Build.0 = Debug|Any CPU
		{2F81444B-6F25-494C-A630-EF8B59E291D6}.Release|Any CPU.ActiveCfg = Release|Any CPU
		{2F81444B-6F25-494C-A630-EF8B59E291D6}.Release|Any CPU.Build.0 = Release|Any CPU
		{BA666A60-E967-46B4-9669-09BBEA3B3788}.Debug|Any CPU.ActiveCfg = Debug|Any CPU
		{BA666A60-E967-46B4-9669-09BBEA3B3788}.Debug|Any CPU.Build.0 = Debug|Any CPU
		{BA666A60-E967-46B4-9669-09BBEA3B3788}.Release|Any CPU.ActiveCfg = Release|Any CPU
		{BA666A60-E967-46B4-9669-09BBEA3B3788}.Release|Any CPU.Build.0 = Release|Any CPU
	EndGlobalSection
	GlobalSection(SolutionProperties) = preSolution
		HideSolutionNode = FALSE
	EndGlobalSection
	GlobalSection(ExtensibilityGlobals) = postSolution
		SolutionGuid = {862144E6-CD64-4244-A035-198064AF22FF}
	EndGlobalSection
EndGlobal
